// !$*UTF8*$!
{
	archiveVersion = 1;
	classes = {
	};
	objectVersion = 56;
	objects = {

/* Begin PBXBuildFile section */
		0512A27C2AFA79D700C8B731 /* SomeSwiftUIApp.swift in Sources */ = {isa = PBXBuildFile; fileRef = 0512A27B2AFA79D700C8B731 /* SomeSwiftUIApp.swift */; };
		0512A27E2AFA79D700C8B731 /* ContentView.swift in Sources */ = {isa = PBXBuildFile; fileRef = 0512A27D2AFA79D700C8B731 /* ContentView.swift */; };
		0512A2802AFA79D800C8B731 /* Assets.xcassets in Resources */ = {isa = PBXBuildFile; fileRef = 0512A27F2AFA79D800C8B731 /* Assets.xcassets */; };
		0512A2832AFA79D800C8B731 /* Preview Assets.xcassets in Resources */ = {isa = PBXBuildFile; fileRef = 0512A2822AFA79D800C8B731 /* Preview Assets.xcassets */; };
		0512A2852AFA79D800C8B731 /* Persistence.swift in Sources */ = {isa = PBXBuildFile; fileRef = 0512A2842AFA79D800C8B731 /* Persistence.swift */; };
		0512A2882AFA79D800C8B731 /* SomeSwiftUI.xcdatamodeld in Sources */ = {isa = PBXBuildFile; fileRef = 0512A2862AFA79D800C8B731 /* SomeSwiftUI.xcdatamodeld */; };
		0512A2922AFA79D900C8B731 /* SomeSwiftUITests.swift in Sources */ = {isa = PBXBuildFile; fileRef = 0512A2912AFA79D900C8B731 /* SomeSwiftUITests.swift */; };
		0512A29C2AFA79D900C8B731 /* SomeSwiftUIUITests.swift in Sources */ = {isa = PBXBuildFile; fileRef = 0512A29B2AFA79D900C8B731 /* SomeSwiftUIUITests.swift */; };
		0512A29E2AFA79D900C8B731 /* SomeSwiftUIUITestsLaunchTests.swift in Sources */ = {isa = PBXBuildFile; fileRef = 0512A29D2AFA79D900C8B731 /* SomeSwiftUIUITestsLaunchTests.swift */; };
		0512A2AF2AFA7BF100C8B731 /* ContentView1.swift in Sources */ = {isa = PBXBuildFile; fileRef = 0512A2AE2AFA7BF100C8B731 /* ContentView1.swift */; };
		0512A2B32AFA80C700C8B731 /* ContentView2.swift in Sources */ = {isa = PBXBuildFile; fileRef = 0512A2B22AFA80C700C8B731 /* ContentView2.swift */; };
		0512A2B52AFA828B00C8B731 /* ContentView3.swift in Sources */ = {isa = PBXBuildFile; fileRef = 0512A2B42AFA828B00C8B731 /* ContentView3.swift */; };
		0512A2B72AFA84D000C8B731 /* ContentView4.swift in Sources */ = {isa = PBXBuildFile; fileRef = 0512A2B62AFA84D000C8B731 /* ContentView4.swift */; };
		0519B9C82B033DAF002CB77B /* ContentView5.swift in Sources */ = {isa = PBXBuildFile; fileRef = 0519B9C72B033DAF002CB77B /* ContentView5.swift */; };
		0519B9CA2B033E8F002CB77B /* ContentView6.swift in Sources */ = {isa = PBXBuildFile; fileRef = 0519B9C92B033E8F002CB77B /* ContentView6.swift */; };
		0519B9CC2B035383002CB77B /* ContentView7.swift in Sources */ = {isa = PBXBuildFile; fileRef = 0519B9CB2B035383002CB77B /* ContentView7.swift */; };
		B73A1CE42B28699B0003267F /* ContentView31.swift in Sources */ = {isa = PBXBuildFile; fileRef = B73A1CE32B28699B0003267F /* ContentView31.swift */; };
		B73A1CE92B289B830003267F /* ContentView32.swift in Sources */ = {isa = PBXBuildFile; fileRef = B73A1CE82B289B830003267F /* ContentView32.swift */; };
		B73A1CEB2B289B930003267F /* metalShaders.metal in Sources */ = {isa = PBXBuildFile; fileRef = B73A1CEA2B289B930003267F /* metalShaders.metal */; };
		B73A1D0D2B29CA600003267F /* Localizable.strings in Resources */ = {isa = PBXBuildFile; fileRef = B73A1D0F2B29CA600003267F /* Localizable.strings */; };
		B748AC7B2CE4EF5000723FEB /* ContentView34.swift in Sources */ = {isa = PBXBuildFile; fileRef = B748AC7A2CE4EF4500723FEB /* ContentView34.swift */; };
		B748ACA52CE6553900723FEB /* ContentView35.swift in Sources */ = {isa = PBXBuildFile; fileRef = B748ACA42CE6553100723FEB /* ContentView35.swift */; };
		B7A94B092CE3A7DC00329A68 /* ContentView33.swift in Sources */ = {isa = PBXBuildFile; fileRef = B7A94B082CE3A7D200329A68 /* ContentView33.swift */; };
		B7A94B0C2CE3A93A00329A68 /* VerticalSplit in Frameworks */ = {isa = PBXBuildFile; productRef = B7A94B0B2CE3A93A00329A68 /* VerticalSplit */; };
		B7B201EC2CE8E891008C2A2F /* ContentView37.swift in Sources */ = {isa = PBXBuildFile; fileRef = B7B201EB2CE8E891008C2A2F /* ContentView37.swift */; };
		B7B6C5E72CF0E71D008ECD23 /* ContentView38.swift in Sources */ = {isa = PBXBuildFile; fileRef = B7B6C5E62CF0E71D008ECD23 /* ContentView38.swift */; };
		B7C898372CF2120E00EC0BF2 /* ContentView39.swift in Sources */ = {isa = PBXBuildFile; fileRef = B7C898362CF2120E00EC0BF2 /* ContentView39.swift */; };
		B7D24D232B1063D0004C1E6D /* ContentView8.swift in Sources */ = {isa = PBXBuildFile; fileRef = B7D24D222B1063D0004C1E6D /* ContentView8.swift */; };
		B7D24D252B106B82004C1E6D /* ContentView9.swift in Sources */ = {isa = PBXBuildFile; fileRef = B7D24D242B106B82004C1E6D /* ContentView9.swift */; };
		B7D24D272B106EAB004C1E6D /* ContentView10.swift in Sources */ = {isa = PBXBuildFile; fileRef = B7D24D262B106EAB004C1E6D /* ContentView10.swift */; };
		B7D24D292B106FCB004C1E6D /* ContentView11.swift in Sources */ = {isa = PBXBuildFile; fileRef = B7D24D282B106FCB004C1E6D /* ContentView11.swift */; };
		B7D24D2B2B1079BF004C1E6D /* ContentView12.swift in Sources */ = {isa = PBXBuildFile; fileRef = B7D24D2A2B1079BF004C1E6D /* ContentView12.swift */; };
		B7D24D2D2B108055004C1E6D /* ContentView13.swift in Sources */ = {isa = PBXBuildFile; fileRef = B7D24D2C2B108055004C1E6D /* ContentView13.swift */; };
		B7D24D2F2B108AD6004C1E6D /* ContentView14.swift in Sources */ = {isa = PBXBuildFile; fileRef = B7D24D2E2B108AD6004C1E6D /* ContentView14.swift */; };
		B7D24D312B108D08004C1E6D /* ContentView15.swift in Sources */ = {isa = PBXBuildFile; fileRef = B7D24D302B108D08004C1E6D /* ContentView15.swift */; };
		B7D24D332B10A2EE004C1E6D /* ContentView16.swift in Sources */ = {isa = PBXBuildFile; fileRef = B7D24D322B10A2EE004C1E6D /* ContentView16.swift */; };
		B7D24D352B10B55A004C1E6D /* ContentViewEx2.swift in Sources */ = {isa = PBXBuildFile; fileRef = B7D24D342B10B55A004C1E6D /* ContentViewEx2.swift */; };
		B7D24D372B10B791004C1E6D /* ContentView17.swift in Sources */ = {isa = PBXBuildFile; fileRef = B7D24D362B10B791004C1E6D /* ContentView17.swift */; };
		B7D24D392B10B9E1004C1E6D /* ContentView18.swift in Sources */ = {isa = PBXBuildFile; fileRef = B7D24D382B10B9E1004C1E6D /* ContentView18.swift */; };
		B7D24D3B2B10C16F004C1E6D /* ContentView19.swift in Sources */ = {isa = PBXBuildFile; fileRef = B7D24D3A2B10C16F004C1E6D /* ContentView19.swift */; };
		B7D24D3D2B10C79C004C1E6D /* ContentView20.swift in Sources */ = {isa = PBXBuildFile; fileRef = B7D24D3C2B10C79C004C1E6D /* ContentView20.swift */; };
		B7D24D3F2B10CDA1004C1E6D /* ContentView21.swift in Sources */ = {isa = PBXBuildFile; fileRef = B7D24D3E2B10CDA1004C1E6D /* ContentView21.swift */; };
		B7D24D412B10DD44004C1E6D /* ContentView22.swift in Sources */ = {isa = PBXBuildFile; fileRef = B7D24D402B10DD44004C1E6D /* ContentView22.swift */; };
		B7D978002B1486F4009194EF /* ContentView23.swift in Sources */ = {isa = PBXBuildFile; fileRef = B7D977FF2B1486F4009194EF /* ContentView23.swift */; };
		B7D978022B148C49009194EF /* ContentView24.swift in Sources */ = {isa = PBXBuildFile; fileRef = B7D978012B148C49009194EF /* ContentView24.swift */; };
		B7D978042B1498FC009194EF /* ContentView25.swift in Sources */ = {isa = PBXBuildFile; fileRef = B7D978032B1498FC009194EF /* ContentView25.swift */; };
		B7D978062B149982009194EF /* ContentView26.swift in Sources */ = {isa = PBXBuildFile; fileRef = B7D978052B149982009194EF /* ContentView26.swift */; };
		B7D978082B15A759009194EF /* ContentView27.swift in Sources */ = {isa = PBXBuildFile; fileRef = B7D978072B15A759009194EF /* ContentView27.swift */; };
		B7D9780A2B15A8C4009194EF /* ContentView28.swift in Sources */ = {isa = PBXBuildFile; fileRef = B7D978092B15A8C4009194EF /* ContentView28.swift */; };
		B7D9780C2B15A983009194EF /* ContentView29.swift in Sources */ = {isa = PBXBuildFile; fileRef = B7D9780B2B15A983009194EF /* ContentView29.swift */; };
		B7D9780E2B15B0F3009194EF /* ContentView30.swift in Sources */ = {isa = PBXBuildFile; fileRef = B7D9780D2B15B0F3009194EF /* ContentView30.swift */; };
		B7D978112B15B5EA009194EF /* RingView.swift in Sources */ = {isa = PBXBuildFile; fileRef = B7D978102B15B5EA009194EF /* RingView.swift */; };
		B7FCED312CE7A4CA006C69C2 /* ContentView36.swift in Sources */ = {isa = PBXBuildFile; fileRef = B7FCED302CE7A4CA006C69C2 /* ContentView36.swift */; };
/* End PBXBuildFile section */

/* Begin PBXContainerItemProxy section */
		0512A28E2AFA79D900C8B731 /* PBXContainerItemProxy */ = {
			isa = PBXContainerItemProxy;
			containerPortal = 0512A2702AFA79D700C8B731 /* Project object */;
			proxyType = 1;
			remoteGlobalIDString = 0512A2772AFA79D700C8B731;
			remoteInfo = SomeSwiftUI;
		};
		0512A2982AFA79D900C8B731 /* PBXContainerItemProxy */ = {
			isa = PBXContainerItemProxy;
			containerPortal = 0512A2702AFA79D700C8B731 /* Project object */;
			proxyType = 1;
			remoteGlobalIDString = 0512A2772AFA79D700C8B731;
			remoteInfo = SomeSwiftUI;
		};
/* End PBXContainerItemProxy section */

/* Begin PBXFileReference section */
		0512A2782AFA79D700C8B731 /* SomeSwiftUI.app */ = {isa = PBXFileReference; explicitFileType = wrapper.application; includeInIndex = 0; path = SomeSwiftUI.app; sourceTree = BUILT_PRODUCTS_DIR; };
		0512A27B2AFA79D700C8B731 /* SomeSwiftUIApp.swift */ = {isa = PBXFileReference; lastKnownFileType = sourcecode.swift; path = SomeSwiftUIApp.swift; sourceTree = "<group>"; };
		0512A27D2AFA79D700C8B731 /* ContentView.swift */ = {isa = PBXFileReference; lastKnownFileType = sourcecode.swift; path = ContentView.swift; sourceTree = "<group>"; };
		0512A27F2AFA79D800C8B731 /* Assets.xcassets */ = {isa = PBXFileReference; lastKnownFileType = folder.assetcatalog; path = Assets.xcassets; sourceTree = "<group>"; };
		0512A2822AFA79D800C8B731 /* Preview Assets.xcassets */ = {isa = PBXFileReference; lastKnownFileType = folder.assetcatalog; path = "Preview Assets.xcassets"; sourceTree = "<group>"; };
		0512A2842AFA79D800C8B731 /* Persistence.swift */ = {isa = PBXFileReference; lastKnownFileType = sourcecode.swift; path = Persistence.swift; sourceTree = "<group>"; };
		0512A2872AFA79D800C8B731 /* SomeSwiftUI.xcdatamodel */ = {isa = PBXFileReference; lastKnownFileType = wrapper.xcdatamodel; path = SomeSwiftUI.xcdatamodel; sourceTree = "<group>"; };
		0512A28D2AFA79D900C8B731 /* SomeSwiftUITests.xctest */ = {isa = PBXFileReference; explicitFileType = wrapper.cfbundle; includeInIndex = 0; path = SomeSwiftUITests.xctest; sourceTree = BUILT_PRODUCTS_DIR; };
		0512A2912AFA79D900C8B731 /* SomeSwiftUITests.swift */ = {isa = PBXFileReference; lastKnownFileType = sourcecode.swift; path = SomeSwiftUITests.swift; sourceTree = "<group>"; };
		0512A2972AFA79D900C8B731 /* SomeSwiftUIUITests.xctest */ = {isa = PBXFileReference; explicitFileType = wrapper.cfbundle; includeInIndex = 0; path = SomeSwiftUIUITests.xctest; sourceTree = BUILT_PRODUCTS_DIR; };
		0512A29B2AFA79D900C8B731 /* SomeSwiftUIUITests.swift */ = {isa = PBXFileReference; lastKnownFileType = sourcecode.swift; path = SomeSwiftUIUITests.swift; sourceTree = "<group>"; };
		0512A29D2AFA79D900C8B731 /* SomeSwiftUIUITestsLaunchTests.swift */ = {isa = PBXFileReference; lastKnownFileType = sourcecode.swift; path = SomeSwiftUIUITestsLaunchTests.swift; sourceTree = "<group>"; };
		0512A2AE2AFA7BF100C8B731 /* ContentView1.swift */ = {isa = PBXFileReference; lastKnownFileType = sourcecode.swift; path = ContentView1.swift; sourceTree = "<group>"; };
		0512A2B22AFA80C700C8B731 /* ContentView2.swift */ = {isa = PBXFileReference; lastKnownFileType = sourcecode.swift; path = ContentView2.swift; sourceTree = "<group>"; };
		0512A2B42AFA828B00C8B731 /* ContentView3.swift */ = {isa = PBXFileReference; lastKnownFileType = sourcecode.swift; path = ContentView3.swift; sourceTree = "<group>"; };
		0512A2B62AFA84D000C8B731 /* ContentView4.swift */ = {isa = PBXFileReference; lastKnownFileType = sourcecode.swift; path = ContentView4.swift; sourceTree = "<group>"; };
		0519B9C72B033DAF002CB77B /* ContentView5.swift */ = {isa = PBXFileReference; lastKnownFileType = sourcecode.swift; path = ContentView5.swift; sourceTree = "<group>"; };
		0519B9C92B033E8F002CB77B /* ContentView6.swift */ = {isa = PBXFileReference; lastKnownFileType = sourcecode.swift; path = ContentView6.swift; sourceTree = "<group>"; };
		0519B9CB2B035383002CB77B /* ContentView7.swift */ = {isa = PBXFileReference; lastKnownFileType = sourcecode.swift; path = ContentView7.swift; sourceTree = "<group>"; };
		B73A1CE32B28699B0003267F /* ContentView31.swift */ = {isa = PBXFileReference; lastKnownFileType = sourcecode.swift; path = ContentView31.swift; sourceTree = "<group>"; };
		B73A1CE82B289B830003267F /* ContentView32.swift */ = {isa = PBXFileReference; lastKnownFileType = sourcecode.swift; path = ContentView32.swift; sourceTree = "<group>"; };
		B73A1CEA2B289B930003267F /* metalShaders.metal */ = {isa = PBXFileReference; lastKnownFileType = sourcecode.metal; path = metalShaders.metal; sourceTree = "<group>"; };
		B73A1D0E2B29CA600003267F /* en */ = {isa = PBXFileReference; lastKnownFileType = text.plist.strings; name = en; path = en.lproj/Localizable.strings; sourceTree = "<group>"; };
		B73A1D102B29CA620003267F /* de */ = {isa = PBXFileReference; lastKnownFileType = text.plist.strings; name = de; path = de.lproj/Localizable.strings; sourceTree = "<group>"; };
		B748AC7A2CE4EF4500723FEB /* ContentView34.swift */ = {isa = PBXFileReference; lastKnownFileType = sourcecode.swift; path = ContentView34.swift; sourceTree = "<group>"; };
		B748ACA42CE6553100723FEB /* ContentView35.swift */ = {isa = PBXFileReference; lastKnownFileType = sourcecode.swift; path = ContentView35.swift; sourceTree = "<group>"; };
		B7A94B082CE3A7D200329A68 /* ContentView33.swift */ = {isa = PBXFileReference; lastKnownFileType = sourcecode.swift; path = ContentView33.swift; sourceTree = "<group>"; };
		B7B201EB2CE8E891008C2A2F /* ContentView37.swift */ = {isa = PBXFileReference; lastKnownFileType = sourcecode.swift; path = ContentView37.swift; sourceTree = "<group>"; };
		B7B6C5E62CF0E71D008ECD23 /* ContentView38.swift */ = {isa = PBXFileReference; lastKnownFileType = sourcecode.swift; path = ContentView38.swift; sourceTree = "<group>"; };
		B7C898362CF2120E00EC0BF2 /* ContentView39.swift */ = {isa = PBXFileReference; lastKnownFileType = sourcecode.swift; path = ContentView39.swift; sourceTree = "<group>"; };
		B7D24D222B1063D0004C1E6D /* ContentView8.swift */ = {isa = PBXFileReference; lastKnownFileType = sourcecode.swift; path = ContentView8.swift; sourceTree = "<group>"; };
		B7D24D242B106B82004C1E6D /* ContentView9.swift */ = {isa = PBXFileReference; lastKnownFileType = sourcecode.swift; path = ContentView9.swift; sourceTree = "<group>"; };
		B7D24D262B106EAB004C1E6D /* ContentView10.swift */ = {isa = PBXFileReference; lastKnownFileType = sourcecode.swift; path = ContentView10.swift; sourceTree = "<group>"; };
		B7D24D282B106FCB004C1E6D /* ContentView11.swift */ = {isa = PBXFileReference; lastKnownFileType = sourcecode.swift; path = ContentView11.swift; sourceTree = "<group>"; };
		B7D24D2A2B1079BF004C1E6D /* ContentView12.swift */ = {isa = PBXFileReference; lastKnownFileType = sourcecode.swift; path = ContentView12.swift; sourceTree = "<group>"; };
		B7D24D2C2B108055004C1E6D /* ContentView13.swift */ = {isa = PBXFileReference; lastKnownFileType = sourcecode.swift; path = ContentView13.swift; sourceTree = "<group>"; };
		B7D24D2E2B108AD6004C1E6D /* ContentView14.swift */ = {isa = PBXFileReference; lastKnownFileType = sourcecode.swift; path = ContentView14.swift; sourceTree = "<group>"; };
		B7D24D302B108D08004C1E6D /* ContentView15.swift */ = {isa = PBXFileReference; lastKnownFileType = sourcecode.swift; path = ContentView15.swift; sourceTree = "<group>"; };
		B7D24D322B10A2EE004C1E6D /* ContentView16.swift */ = {isa = PBXFileReference; lastKnownFileType = sourcecode.swift; path = ContentView16.swift; sourceTree = "<group>"; };
		B7D24D342B10B55A004C1E6D /* ContentViewEx2.swift */ = {isa = PBXFileReference; lastKnownFileType = sourcecode.swift; path = ContentViewEx2.swift; sourceTree = "<group>"; };
		B7D24D362B10B791004C1E6D /* ContentView17.swift */ = {isa = PBXFileReference; lastKnownFileType = sourcecode.swift; path = ContentView17.swift; sourceTree = "<group>"; };
		B7D24D382B10B9E1004C1E6D /* ContentView18.swift */ = {isa = PBXFileReference; lastKnownFileType = sourcecode.swift; path = ContentView18.swift; sourceTree = "<group>"; };
		B7D24D3A2B10C16F004C1E6D /* ContentView19.swift */ = {isa = PBXFileReference; lastKnownFileType = sourcecode.swift; path = ContentView19.swift; sourceTree = "<group>"; };
		B7D24D3C2B10C79C004C1E6D /* ContentView20.swift */ = {isa = PBXFileReference; lastKnownFileType = sourcecode.swift; path = ContentView20.swift; sourceTree = "<group>"; };
		B7D24D3E2B10CDA1004C1E6D /* ContentView21.swift */ = {isa = PBXFileReference; lastKnownFileType = sourcecode.swift; path = ContentView21.swift; sourceTree = "<group>"; };
		B7D24D402B10DD44004C1E6D /* ContentView22.swift */ = {isa = PBXFileReference; lastKnownFileType = sourcecode.swift; path = ContentView22.swift; sourceTree = "<group>"; };
		B7D977FF2B1486F4009194EF /* ContentView23.swift */ = {isa = PBXFileReference; lastKnownFileType = sourcecode.swift; path = ContentView23.swift; sourceTree = "<group>"; };
		B7D978012B148C49009194EF /* ContentView24.swift */ = {isa = PBXFileReference; lastKnownFileType = sourcecode.swift; path = ContentView24.swift; sourceTree = "<group>"; };
		B7D978032B1498FC009194EF /* ContentView25.swift */ = {isa = PBXFileReference; lastKnownFileType = sourcecode.swift; path = ContentView25.swift; sourceTree = "<group>"; };
		B7D978052B149982009194EF /* ContentView26.swift */ = {isa = PBXFileReference; lastKnownFileType = sourcecode.swift; path = ContentView26.swift; sourceTree = "<group>"; };
		B7D978072B15A759009194EF /* ContentView27.swift */ = {isa = PBXFileReference; lastKnownFileType = sourcecode.swift; path = ContentView27.swift; sourceTree = "<group>"; };
		B7D978092B15A8C4009194EF /* ContentView28.swift */ = {isa = PBXFileReference; lastKnownFileType = sourcecode.swift; path = ContentView28.swift; sourceTree = "<group>"; };
		B7D9780B2B15A983009194EF /* ContentView29.swift */ = {isa = PBXFileReference; lastKnownFileType = sourcecode.swift; path = ContentView29.swift; sourceTree = "<group>"; };
		B7D9780D2B15B0F3009194EF /* ContentView30.swift */ = {isa = PBXFileReference; lastKnownFileType = sourcecode.swift; path = ContentView30.swift; sourceTree = "<group>"; };
		B7D978102B15B5EA009194EF /* RingView.swift */ = {isa = PBXFileReference; lastKnownFileType = sourcecode.swift; path = RingView.swift; sourceTree = "<group>"; };
		B7FCED302CE7A4CA006C69C2 /* ContentView36.swift */ = {isa = PBXFileReference; lastKnownFileType = sourcecode.swift; path = ContentView36.swift; sourceTree = "<group>"; };
/* End PBXFileReference section */

/* Begin PBXFrameworksBuildPhase section */
		0512A2752AFA79D700C8B731 /* Frameworks */ = {
			isa = PBXFrameworksBuildPhase;
			buildActionMask = 2147483647;
			files = (
				B7A94B0C2CE3A93A00329A68 /* VerticalSplit in Frameworks */,
			);
			runOnlyForDeploymentPostprocessing = 0;
		};
		0512A28A2AFA79D900C8B731 /* Frameworks */ = {
			isa = PBXFrameworksBuildPhase;
			buildActionMask = 2147483647;
			files = (
			);
			runOnlyForDeploymentPostprocessing = 0;
		};
		0512A2942AFA79D900C8B731 /* Frameworks */ = {
			isa = PBXFrameworksBuildPhase;
			buildActionMask = 2147483647;
			files = (
			);
			runOnlyForDeploymentPostprocessing = 0;
		};
/* End PBXFrameworksBuildPhase section */

/* Begin PBXGroup section */
		0512A26F2AFA79D700C8B731 = {
			isa = PBXGroup;
			children = (
				0512A27A2AFA79D700C8B731 /* SomeSwiftUI */,
				0512A2902AFA79D900C8B731 /* SomeSwiftUITests */,
				0512A29A2AFA79D900C8B731 /* SomeSwiftUIUITests */,
				0512A2792AFA79D700C8B731 /* Products */,
			);
			sourceTree = "<group>";
		};
		0512A2792AFA79D700C8B731 /* Products */ = {
			isa = PBXGroup;
			children = (
				0512A2782AFA79D700C8B731 /* SomeSwiftUI.app */,
				0512A28D2AFA79D900C8B731 /* SomeSwiftUITests.xctest */,
				0512A2972AFA79D900C8B731 /* SomeSwiftUIUITests.xctest */,
			);
			name = Products;
			sourceTree = "<group>";
		};
		0512A27A2AFA79D700C8B731 /* SomeSwiftUI */ = {
			isa = PBXGroup;
			children = (
				B73A1D0A2B29CA060003267F /* Resources */,
				0512A2AA2AFA7BB400C8B731 /* Views */,
				0512A27B2AFA79D700C8B731 /* SomeSwiftUIApp.swift */,
				0512A27F2AFA79D800C8B731 /* Assets.xcassets */,
				0512A2842AFA79D800C8B731 /* Persistence.swift */,
				0512A2862AFA79D800C8B731 /* SomeSwiftUI.xcdatamodeld */,
				0512A2812AFA79D800C8B731 /* Preview Content */,
			);
			path = SomeSwiftUI;
			sourceTree = "<group>";
		};
		0512A2812AFA79D800C8B731 /* Preview Content */ = {
			isa = PBXGroup;
			children = (
				0512A2822AFA79D800C8B731 /* Preview Assets.xcassets */,
			);
			path = "Preview Content";
			sourceTree = "<group>";
		};
		0512A2902AFA79D900C8B731 /* SomeSwiftUITests */ = {
			isa = PBXGroup;
			children = (
				0512A2912AFA79D900C8B731 /* SomeSwiftUITests.swift */,
			);
			path = SomeSwiftUITests;
			sourceTree = "<group>";
		};
		0512A29A2AFA79D900C8B731 /* SomeSwiftUIUITests */ = {
			isa = PBXGroup;
			children = (
				0512A29B2AFA79D900C8B731 /* SomeSwiftUIUITests.swift */,
				0512A29D2AFA79D900C8B731 /* SomeSwiftUIUITestsLaunchTests.swift */,
			);
			path = SomeSwiftUIUITests;
			sourceTree = "<group>";
		};
		0512A2AA2AFA7BB400C8B731 /* Views */ = {
			isa = PBXGroup;
			children = (
				B73A1CE72B289B630003267F /* metal */,
				0512A2B12AFA7C0100C8B731 /* Base */,
				B7D9780F2B15B5D4009194EF /* Part3 */,
				0512A2AD2AFA7BDF00C8B731 /* Part2 */,
				0512A2AC2AFA7BD800C8B731 /* Part1 */,
			);
			path = Views;
			sourceTree = "<group>";
		};
		0512A2AC2AFA7BD800C8B731 /* Part1 */ = {
			isa = PBXGroup;
			children = (
				0512A2AE2AFA7BF100C8B731 /* ContentView1.swift */,
				0512A2B22AFA80C700C8B731 /* ContentView2.swift */,
				0512A2B42AFA828B00C8B731 /* ContentView3.swift */,
				0512A2B62AFA84D000C8B731 /* ContentView4.swift */,
				0519B9C72B033DAF002CB77B /* ContentView5.swift */,
				0519B9C92B033E8F002CB77B /* ContentView6.swift */,
				0519B9CB2B035383002CB77B /* ContentView7.swift */,
				B7D24D222B1063D0004C1E6D /* ContentView8.swift */,
				B7D24D242B106B82004C1E6D /* ContentView9.swift */,
				B7D24D262B106EAB004C1E6D /* ContentView10.swift */,
				B7D24D282B106FCB004C1E6D /* ContentView11.swift */,
				B7D24D2A2B1079BF004C1E6D /* ContentView12.swift */,
				B7D24D2C2B108055004C1E6D /* ContentView13.swift */,
				B7D24D2E2B108AD6004C1E6D /* ContentView14.swift */,
				B7D24D302B108D08004C1E6D /* ContentView15.swift */,
			);
			path = Part1;
			sourceTree = "<group>";
		};
		0512A2AD2AFA7BDF00C8B731 /* Part2 */ = {
			isa = PBXGroup;
			children = (
				B7D24D322B10A2EE004C1E6D /* ContentView16.swift */,
				B7D24D342B10B55A004C1E6D /* ContentViewEx2.swift */,
				B7D24D362B10B791004C1E6D /* ContentView17.swift */,
				B7D24D382B10B9E1004C1E6D /* ContentView18.swift */,
				B7D24D3A2B10C16F004C1E6D /* ContentView19.swift */,
				B7D24D3C2B10C79C004C1E6D /* ContentView20.swift */,
				B7D24D3E2B10CDA1004C1E6D /* ContentView21.swift */,
				B7D24D402B10DD44004C1E6D /* ContentView22.swift */,
				B7D977FF2B1486F4009194EF /* ContentView23.swift */,
				B7D978012B148C49009194EF /* ContentView24.swift */,
				B7D978032B1498FC009194EF /* ContentView25.swift */,
				B7D978052B149982009194EF /* ContentView26.swift */,
				B7D978072B15A759009194EF /* ContentView27.swift */,
				B7D978092B15A8C4009194EF /* ContentView28.swift */,
				B7D9780B2B15A983009194EF /* ContentView29.swift */,
				B7D9780D2B15B0F3009194EF /* ContentView30.swift */,
			);
			path = Part2;
			sourceTree = "<group>";
		};
		0512A2B12AFA7C0100C8B731 /* Base */ = {
			isa = PBXGroup;
			children = (
				0512A27D2AFA79D700C8B731 /* ContentView.swift */,
			);
			path = Base;
			sourceTree = "<group>";
		};
		B73A1CE72B289B630003267F /* metal */ = {
			isa = PBXGroup;
			children = (
				B73A1CE82B289B830003267F /* ContentView32.swift */,
				B73A1CEA2B289B930003267F /* metalShaders.metal */,
			);
			path = metal;
			sourceTree = "<group>";
		};
		B73A1D0A2B29CA060003267F /* Resources */ = {
			isa = PBXGroup;
			children = (
				B73A1D0F2B29CA600003267F /* Localizable.strings */,
			);
			path = Resources;
			sourceTree = "<group>";
		};
		B7D9780F2B15B5D4009194EF /* Part3 */ = {
			isa = PBXGroup;
			children = (
				B7FCED302CE7A4CA006C69C2 /* ContentView36.swift */,
				B748ACA42CE6553100723FEB /* ContentView35.swift */,
				B748AC7A2CE4EF4500723FEB /* ContentView34.swift */,
				B7A94B082CE3A7D200329A68 /* ContentView33.swift */,
				B7D978102B15B5EA009194EF /* RingView.swift */,
				B73A1CE32B28699B0003267F /* ContentView31.swift */,
				B7B201EB2CE8E891008C2A2F /* ContentView37.swift */,
				B7B6C5E62CF0E71D008ECD23 /* ContentView38.swift */,
				B7C898362CF2120E00EC0BF2 /* ContentView39.swift */,
			);
			path = Part3;
			sourceTree = "<group>";
		};
/* End PBXGroup section */

/* Begin PBXNativeTarget section */
		0512A2772AFA79D700C8B731 /* SomeSwiftUI */ = {
			isa = PBXNativeTarget;
			buildConfigurationList = 0512A2A12AFA79D900C8B731 /* Build configuration list for PBXNativeTarget "SomeSwiftUI" */;
			buildPhases = (
				0512A2742AFA79D700C8B731 /* Sources */,
				0512A2752AFA79D700C8B731 /* Frameworks */,
				0512A2762AFA79D700C8B731 /* Resources */,
			);
			buildRules = (
			);
			dependencies = (
			);
			name = SomeSwiftUI;
			productName = SomeSwiftUI;
			productReference = 0512A2782AFA79D700C8B731 /* SomeSwiftUI.app */;
			productType = "com.apple.product-type.application";
		};
		0512A28C2AFA79D900C8B731 /* SomeSwiftUITests */ = {
			isa = PBXNativeTarget;
			buildConfigurationList = 0512A2A42AFA79D900C8B731 /* Build configuration list for PBXNativeTarget "SomeSwiftUITests" */;
			buildPhases = (
				0512A2892AFA79D900C8B731 /* Sources */,
				0512A28A2AFA79D900C8B731 /* Frameworks */,
				0512A28B2AFA79D900C8B731 /* Resources */,
			);
			buildRules = (
			);
			dependencies = (
				0512A28F2AFA79D900C8B731 /* PBXTargetDependency */,
			);
			name = SomeSwiftUITests;
			productName = SomeSwiftUITests;
			productReference = 0512A28D2AFA79D900C8B731 /* SomeSwiftUITests.xctest */;
			productType = "com.apple.product-type.bundle.unit-test";
		};
		0512A2962AFA79D900C8B731 /* SomeSwiftUIUITests */ = {
			isa = PBXNativeTarget;
			buildConfigurationList = 0512A2A72AFA79D900C8B731 /* Build configuration list for PBXNativeTarget "SomeSwiftUIUITests" */;
			buildPhases = (
				0512A2932AFA79D900C8B731 /* Sources */,
				0512A2942AFA79D900C8B731 /* Frameworks */,
				0512A2952AFA79D900C8B731 /* Resources */,
			);
			buildRules = (
			);
			dependencies = (
				0512A2992AFA79D900C8B731 /* PBXTargetDependency */,
			);
			name = SomeSwiftUIUITests;
			productName = SomeSwiftUIUITests;
			productReference = 0512A2972AFA79D900C8B731 /* SomeSwiftUIUITests.xctest */;
			productType = "com.apple.product-type.bundle.ui-testing";
		};
/* End PBXNativeTarget section */

/* Begin PBXProject section */
		0512A2702AFA79D700C8B731 /* Project object */ = {
			isa = PBXProject;
			attributes = {
				BuildIndependentTargetsInParallel = 1;
				LastSwiftUpdateCheck = 1430;
				LastUpgradeCheck = 1430;
				TargetAttributes = {
					0512A2772AFA79D700C8B731 = {
						CreatedOnToolsVersion = 14.3;
					};
					0512A28C2AFA79D900C8B731 = {
						CreatedOnToolsVersion = 14.3;
						TestTargetID = 0512A2772AFA79D700C8B731;
					};
					0512A2962AFA79D900C8B731 = {
						CreatedOnToolsVersion = 14.3;
						TestTargetID = 0512A2772AFA79D700C8B731;
					};
				};
			};
			buildConfigurationList = 0512A2732AFA79D700C8B731 /* Build configuration list for PBXProject "SomeSwiftUI" */;
			compatibilityVersion = "Xcode 14.0";
			developmentRegion = en;
			hasScannedForEncodings = 0;
			knownRegions = (
				en,
				Base,
				de,
			);
			mainGroup = 0512A26F2AFA79D700C8B731;
			packageReferences = (
				B7A94B0A2CE3A93A00329A68 /* XCRemoteSwiftPackageReference "VerticalSplit" */,
			);
			productRefGroup = 0512A2792AFA79D700C8B731 /* Products */;
			projectDirPath = "";
			projectRoot = "";
			targets = (
				0512A2772AFA79D700C8B731 /* SomeSwiftUI */,
				0512A28C2AFA79D900C8B731 /* SomeSwiftUITests */,
				0512A2962AFA79D900C8B731 /* SomeSwiftUIUITests */,
			);
		};
/* End PBXProject section */

/* Begin PBXResourcesBuildPhase section */
		0512A2762AFA79D700C8B731 /* Resources */ = {
			isa = PBXResourcesBuildPhase;
			buildActionMask = 2147483647;
			files = (
				0512A2832AFA79D800C8B731 /* Preview Assets.xcassets in Resources */,
				B73A1D0D2B29CA600003267F /* Localizable.strings in Resources */,
				0512A2802AFA79D800C8B731 /* Assets.xcassets in Resources */,
			);
			runOnlyForDeploymentPostprocessing = 0;
		};
		0512A28B2AFA79D900C8B731 /* Resources */ = {
			isa = PBXResourcesBuildPhase;
			buildActionMask = 2147483647;
			files = (
			);
			runOnlyForDeploymentPostprocessing = 0;
		};
		0512A2952AFA79D900C8B731 /* Resources */ = {
			isa = PBXResourcesBuildPhase;
			buildActionMask = 2147483647;
			files = (
			);
			runOnlyForDeploymentPostprocessing = 0;
		};
/* End PBXResourcesBuildPhase section */

/* Begin PBXSourcesBuildPhase section */
		0512A2742AFA79D700C8B731 /* Sources */ = {
			isa = PBXSourcesBuildPhase;
			buildActionMask = 2147483647;
			files = (
				B7D24D312B108D08004C1E6D /* ContentView15.swift in Sources */,
				B7D978042B1498FC009194EF /* ContentView25.swift in Sources */,
				B748ACA52CE6553900723FEB /* ContentView35.swift in Sources */,
				0512A2852AFA79D800C8B731 /* Persistence.swift in Sources */,
				0512A27E2AFA79D700C8B731 /* ContentView.swift in Sources */,
				B748AC7B2CE4EF5000723FEB /* ContentView34.swift in Sources */,
				B7D24D352B10B55A004C1E6D /* ContentViewEx2.swift in Sources */,
				B7D9780C2B15A983009194EF /* ContentView29.swift in Sources */,
				0512A2B52AFA828B00C8B731 /* ContentView3.swift in Sources */,
				B7D24D3F2B10CDA1004C1E6D /* ContentView21.swift in Sources */,
				B7D24D232B1063D0004C1E6D /* ContentView8.swift in Sources */,
				B7B201EC2CE8E891008C2A2F /* ContentView37.swift in Sources */,
				B7FCED312CE7A4CA006C69C2 /* ContentView36.swift in Sources */,
				B7D24D392B10B9E1004C1E6D /* ContentView18.swift in Sources */,
				B7D24D2D2B108055004C1E6D /* ContentView13.swift in Sources */,
				0519B9CA2B033E8F002CB77B /* ContentView6.swift in Sources */,
				B7D978112B15B5EA009194EF /* RingView.swift in Sources */,
				B7D24D332B10A2EE004C1E6D /* ContentView16.swift in Sources */,
				B7D24D272B106EAB004C1E6D /* ContentView10.swift in Sources */,
				B7D978082B15A759009194EF /* ContentView27.swift in Sources */,
				0512A27C2AFA79D700C8B731 /* SomeSwiftUIApp.swift in Sources */,
				B7D24D2B2B1079BF004C1E6D /* ContentView12.swift in Sources */,
				B7D9780A2B15A8C4009194EF /* ContentView28.swift in Sources */,
				B7D24D2F2B108AD6004C1E6D /* ContentView14.swift in Sources */,
				0512A2B32AFA80C700C8B731 /* ContentView2.swift in Sources */,
				B73A1CE92B289B830003267F /* ContentView32.swift in Sources */,
				B7D9780E2B15B0F3009194EF /* ContentView30.swift in Sources */,
				B7D24D372B10B791004C1E6D /* ContentView17.swift in Sources */,
				B7C898372CF2120E00EC0BF2 /* ContentView39.swift in Sources */,
				B7D24D412B10DD44004C1E6D /* ContentView22.swift in Sources */,
				B7A94B092CE3A7DC00329A68 /* ContentView33.swift in Sources */,
				0512A2AF2AFA7BF100C8B731 /* ContentView1.swift in Sources */,
				B7D24D3D2B10C79C004C1E6D /* ContentView20.swift in Sources */,
				0519B9C82B033DAF002CB77B /* ContentView5.swift in Sources */,
				0512A2882AFA79D800C8B731 /* SomeSwiftUI.xcdatamodeld in Sources */,
				B7D24D252B106B82004C1E6D /* ContentView9.swift in Sources */,
				0519B9CC2B035383002CB77B /* ContentView7.swift in Sources */,
				B7D24D292B106FCB004C1E6D /* ContentView11.swift in Sources */,
				B7B6C5E72CF0E71D008ECD23 /* ContentView38.swift in Sources */,
				B73A1CEB2B289B930003267F /* metalShaders.metal in Sources */,
				B73A1CE42B28699B0003267F /* ContentView31.swift in Sources */,
				B7D978002B1486F4009194EF /* ContentView23.swift in Sources */,
				B7D978022B148C49009194EF /* ContentView24.swift in Sources */,
				B7D978062B149982009194EF /* ContentView26.swift in Sources */,
				B7D24D3B2B10C16F004C1E6D /* ContentView19.swift in Sources */,
				0512A2B72AFA84D000C8B731 /* ContentView4.swift in Sources */,
			);
			runOnlyForDeploymentPostprocessing = 0;
		};
		0512A2892AFA79D900C8B731 /* Sources */ = {
			isa = PBXSourcesBuildPhase;
			buildActionMask = 2147483647;
			files = (
				0512A2922AFA79D900C8B731 /* SomeSwiftUITests.swift in Sources */,
			);
			runOnlyForDeploymentPostprocessing = 0;
		};
		0512A2932AFA79D900C8B731 /* Sources */ = {
			isa = PBXSourcesBuildPhase;
			buildActionMask = 2147483647;
			files = (
				0512A29E2AFA79D900C8B731 /* SomeSwiftUIUITestsLaunchTests.swift in Sources */,
				0512A29C2AFA79D900C8B731 /* SomeSwiftUIUITests.swift in Sources */,
			);
			runOnlyForDeploymentPostprocessing = 0;
		};
/* End PBXSourcesBuildPhase section */

/* Begin PBXTargetDependency section */
		0512A28F2AFA79D900C8B731 /* PBXTargetDependency */ = {
			isa = PBXTargetDependency;
			target = 0512A2772AFA79D700C8B731 /* SomeSwiftUI */;
			targetProxy = 0512A28E2AFA79D900C8B731 /* PBXContainerItemProxy */;
		};
		0512A2992AFA79D900C8B731 /* PBXTargetDependency */ = {
			isa = PBXTargetDependency;
			target = 0512A2772AFA79D700C8B731 /* SomeSwiftUI */;
			targetProxy = 0512A2982AFA79D900C8B731 /* PBXContainerItemProxy */;
		};
/* End PBXTargetDependency section */

/* Begin PBXVariantGroup section */
		B73A1D0F2B29CA600003267F /* Localizable.strings */ = {
			isa = PBXVariantGroup;
			children = (
				B73A1D0E2B29CA600003267F /* en */,
				B73A1D102B29CA620003267F /* de */,
			);
			name = Localizable.strings;
			sourceTree = "<group>";
		};
/* End PBXVariantGroup section */

/* Begin XCBuildConfiguration section */
		0512A29F2AFA79D900C8B731 /* Debug */ = {
			isa = XCBuildConfiguration;
			buildSettings = {
				ALWAYS_SEARCH_USER_PATHS = NO;
				CLANG_ANALYZER_NONNULL = YES;
				CLANG_ANALYZER_NUMBER_OBJECT_CONVERSION = YES_AGGRESSIVE;
				CLANG_CXX_LANGUAGE_STANDARD = "gnu++20";
				CLANG_ENABLE_MODULES = YES;
				CLANG_ENABLE_OBJC_ARC = YES;
				CLANG_ENABLE_OBJC_WEAK = YES;
				CLANG_WARN_BLOCK_CAPTURE_AUTORELEASING = YES;
				CLANG_WARN_BOOL_CONVERSION = YES;
				CLANG_WARN_COMMA = YES;
				CLANG_WARN_CONSTANT_CONVERSION = YES;
				CLANG_WARN_DEPRECATED_OBJC_IMPLEMENTATIONS = YES;
				CLANG_WARN_DIRECT_OBJC_ISA_USAGE = YES_ERROR;
				CLANG_WARN_DOCUMENTATION_COMMENTS = YES;
				CLANG_WARN_EMPTY_BODY = YES;
				CLANG_WARN_ENUM_CONVERSION = YES;
				CLANG_WARN_INFINITE_RECURSION = YES;
				CLANG_WARN_INT_CONVERSION = YES;
				CLANG_WARN_NON_LITERAL_NULL_CONVERSION = YES;
				CLANG_WARN_OBJC_IMPLICIT_RETAIN_SELF = YES;
				CLANG_WARN_OBJC_LITERAL_CONVERSION = YES;
				CLANG_WARN_OBJC_ROOT_CLASS = YES_ERROR;
				CLANG_WARN_QUOTED_INCLUDE_IN_FRAMEWORK_HEADER = YES;
				CLANG_WARN_RANGE_LOOP_ANALYSIS = YES;
				CLANG_WARN_STRICT_PROTOTYPES = YES;
				CLANG_WARN_SUSPICIOUS_MOVE = YES;
				CLANG_WARN_UNGUARDED_AVAILABILITY = YES_AGGRESSIVE;
				CLANG_WARN_UNREACHABLE_CODE = YES;
				CLANG_WARN__DUPLICATE_METHOD_MATCH = YES;
				COPY_PHASE_STRIP = NO;
				DEBUG_INFORMATION_FORMAT = dwarf;
				ENABLE_STRICT_OBJC_MSGSEND = YES;
				ENABLE_TESTABILITY = YES;
				GCC_C_LANGUAGE_STANDARD = gnu11;
				GCC_DYNAMIC_NO_PIC = NO;
				GCC_NO_COMMON_BLOCKS = YES;
				GCC_OPTIMIZATION_LEVEL = 0;
				GCC_PREPROCESSOR_DEFINITIONS = (
					"DEBUG=1",
					"$(inherited)",
				);
				GCC_WARN_64_TO_32_BIT_CONVERSION = YES;
				GCC_WARN_ABOUT_RETURN_TYPE = YES_ERROR;
				GCC_WARN_UNDECLARED_SELECTOR = YES;
				GCC_WARN_UNINITIALIZED_AUTOS = YES_AGGRESSIVE;
				GCC_WARN_UNUSED_FUNCTION = YES;
				GCC_WARN_UNUSED_VARIABLE = YES;
				IPHONEOS_DEPLOYMENT_TARGET = 16.4;
				MTL_ENABLE_DEBUG_INFO = INCLUDE_SOURCE;
				MTL_FAST_MATH = YES;
				ONLY_ACTIVE_ARCH = YES;
				SDKROOT = iphoneos;
				SWIFT_ACTIVE_COMPILATION_CONDITIONS = DEBUG;
				SWIFT_OPTIMIZATION_LEVEL = "-Onone";
			};
			name = Debug;
		};
		0512A2A02AFA79D900C8B731 /* Release */ = {
			isa = XCBuildConfiguration;
			buildSettings = {
				ALWAYS_SEARCH_USER_PATHS = NO;
				CLANG_ANALYZER_NONNULL = YES;
				CLANG_ANALYZER_NUMBER_OBJECT_CONVERSION = YES_AGGRESSIVE;
				CLANG_CXX_LANGUAGE_STANDARD = "gnu++20";
				CLANG_ENABLE_MODULES = YES;
				CLANG_ENABLE_OBJC_ARC = YES;
				CLANG_ENABLE_OBJC_WEAK = YES;
				CLANG_WARN_BLOCK_CAPTURE_AUTORELEASING = YES;
				CLANG_WARN_BOOL_CONVERSION = YES;
				CLANG_WARN_COMMA = YES;
				CLANG_WARN_CONSTANT_CONVERSION = YES;
				CLANG_WARN_DEPRECATED_OBJC_IMPLEMENTATIONS = YES;
				CLANG_WARN_DIRECT_OBJC_ISA_USAGE = YES_ERROR;
				CLANG_WARN_DOCUMENTATION_COMMENTS = YES;
				CLANG_WARN_EMPTY_BODY = YES;
				CLANG_WARN_ENUM_CONVERSION = YES;
				CLANG_WARN_INFINITE_RECURSION = YES;
				CLANG_WARN_INT_CONVERSION = YES;
				CLANG_WARN_NON_LITERAL_NULL_CONVERSION = YES;
				CLANG_WARN_OBJC_IMPLICIT_RETAIN_SELF = YES;
				CLANG_WARN_OBJC_LITERAL_CONVERSION = YES;
				CLANG_WARN_OBJC_ROOT_CLASS = YES_ERROR;
				CLANG_WARN_QUOTED_INCLUDE_IN_FRAMEWORK_HEADER = YES;
				CLANG_WARN_RANGE_LOOP_ANALYSIS = YES;
				CLANG_WARN_STRICT_PROTOTYPES = YES;
				CLANG_WARN_SUSPICIOUS_MOVE = YES;
				CLANG_WARN_UNGUARDED_AVAILABILITY = YES_AGGRESSIVE;
				CLANG_WARN_UNREACHABLE_CODE = YES;
				CLANG_WARN__DUPLICATE_METHOD_MATCH = YES;
				COPY_PHASE_STRIP = NO;
				DEBUG_INFORMATION_FORMAT = "dwarf-with-dsym";
				ENABLE_NS_ASSERTIONS = NO;
				ENABLE_STRICT_OBJC_MSGSEND = YES;
				GCC_C_LANGUAGE_STANDARD = gnu11;
				GCC_NO_COMMON_BLOCKS = YES;
				GCC_WARN_64_TO_32_BIT_CONVERSION = YES;
				GCC_WARN_ABOUT_RETURN_TYPE = YES_ERROR;
				GCC_WARN_UNDECLARED_SELECTOR = YES;
				GCC_WARN_UNINITIALIZED_AUTOS = YES_AGGRESSIVE;
				GCC_WARN_UNUSED_FUNCTION = YES;
				GCC_WARN_UNUSED_VARIABLE = YES;
				IPHONEOS_DEPLOYMENT_TARGET = 16.4;
				MTL_ENABLE_DEBUG_INFO = NO;
				MTL_FAST_MATH = YES;
				SDKROOT = iphoneos;
				SWIFT_COMPILATION_MODE = wholemodule;
				SWIFT_OPTIMIZATION_LEVEL = "-O";
				VALIDATE_PRODUCT = YES;
			};
			name = Release;
		};
		0512A2A22AFA79D900C8B731 /* Debug */ = {
			isa = XCBuildConfiguration;
			buildSettings = {
				ASSETCATALOG_COMPILER_ALTERNATE_APPICON_NAMES = "AppIcon3 AppIcon2 AppIcon1";
				ASSETCATALOG_COMPILER_APPICON_NAME = AppIcon;
				ASSETCATALOG_COMPILER_GLOBAL_ACCENT_COLOR_NAME = AccentColor;
				CODE_SIGN_STYLE = Automatic;
				CURRENT_PROJECT_VERSION = 1;
				DEVELOPMENT_ASSET_PATHS = "\"SomeSwiftUI/Preview Content\"";
				DEVELOPMENT_TEAM = 7Y5W7Z4P4X;
				ENABLE_PREVIEWS = YES;
				GENERATE_INFOPLIST_FILE = YES;
				INFOPLIST_KEY_UIApplicationSceneManifest_Generation = YES;
				INFOPLIST_KEY_UIApplicationSupportsIndirectInputEvents = YES;
				INFOPLIST_KEY_UILaunchScreen_Generation = YES;
				INFOPLIST_KEY_UISupportedInterfaceOrientations_iPad = "UIInterfaceOrientationPortrait UIInterfaceOrientationPortraitUpsideDown UIInterfaceOrientationLandscapeLeft UIInterfaceOrientationLandscapeRight";
				INFOPLIST_KEY_UISupportedInterfaceOrientations_iPhone = "UIInterfaceOrientationPortrait UIInterfaceOrientationLandscapeLeft UIInterfaceOrientationLandscapeRight";
				IPHONEOS_DEPLOYMENT_TARGET = 18.0;
				LD_RUNPATH_SEARCH_PATHS = (
					"$(inherited)",
					"@executable_path/Frameworks",
				);
				MARKETING_VERSION = 1.0;
				PRODUCT_BUNDLE_IDENTIFIER = com.maxnxi.SomeSwiftUI;
				PRODUCT_NAME = "$(TARGET_NAME)";
				SWIFT_EMIT_LOC_STRINGS = YES;
				SWIFT_VERSION = 5.0;
				TARGETED_DEVICE_FAMILY = "1,2";
			};
			name = Debug;
		};
		0512A2A32AFA79D900C8B731 /* Release */ = {
			isa = XCBuildConfiguration;
			buildSettings = {
				ASSETCATALOG_COMPILER_ALTERNATE_APPICON_NAMES = "AppIcon3 AppIcon2 AppIcon1";
				ASSETCATALOG_COMPILER_APPICON_NAME = AppIcon;
				ASSETCATALOG_COMPILER_GLOBAL_ACCENT_COLOR_NAME = AccentColor;
				CODE_SIGN_STYLE = Automatic;
				CURRENT_PROJECT_VERSION = 1;
				DEVELOPMENT_ASSET_PATHS = "\"SomeSwiftUI/Preview Content\"";
				DEVELOPMENT_TEAM = 7Y5W7Z4P4X;
				ENABLE_PREVIEWS = YES;
				GENERATE_INFOPLIST_FILE = YES;
				INFOPLIST_KEY_UIApplicationSceneManifest_Generation = YES;
				INFOPLIST_KEY_UIApplicationSupportsIndirectInputEvents = YES;
				INFOPLIST_KEY_UILaunchScreen_Generation = YES;
				INFOPLIST_KEY_UISupportedInterfaceOrientations_iPad = "UIInterfaceOrientationPortrait UIInterfaceOrientationPortraitUpsideDown UIInterfaceOrientationLandscapeLeft UIInterfaceOrientationLandscapeRight";
				INFOPLIST_KEY_UISupportedInterfaceOrientations_iPhone = "UIInterfaceOrientationPortrait UIInterfaceOrientationLandscapeLeft UIInterfaceOrientationLandscapeRight";
				IPHONEOS_DEPLOYMENT_TARGET = 18.0;
				LD_RUNPATH_SEARCH_PATHS = (
					"$(inherited)",
					"@executable_path/Frameworks",
				);
				MARKETING_VERSION = 1.0;
				PRODUCT_BUNDLE_IDENTIFIER = com.maxnxi.SomeSwiftUI;
				PRODUCT_NAME = "$(TARGET_NAME)";
				SWIFT_EMIT_LOC_STRINGS = YES;
				SWIFT_VERSION = 5.0;
				TARGETED_DEVICE_FAMILY = "1,2";
			};
			name = Release;
		};
		0512A2A52AFA79D900C8B731 /* Debug */ = {
			isa = XCBuildConfiguration;
			buildSettings = {
				ALWAYS_EMBED_SWIFT_STANDARD_LIBRARIES = YES;
				BUNDLE_LOADER = "$(TEST_HOST)";
				CODE_SIGN_STYLE = Automatic;
				CURRENT_PROJECT_VERSION = 1;
				DEVELOPMENT_TEAM = 7Y5W7Z4P4X;
				GENERATE_INFOPLIST_FILE = YES;
				IPHONEOS_DEPLOYMENT_TARGET = 16.4;
				MARKETING_VERSION = 1.0;
				PRODUCT_BUNDLE_IDENTIFIER = com.maxnxi.SomeSwiftUITests;
				PRODUCT_NAME = "$(TARGET_NAME)";
				SWIFT_EMIT_LOC_STRINGS = NO;
				SWIFT_VERSION = 5.0;
				TARGETED_DEVICE_FAMILY = "1,2";
				TEST_HOST = "$(BUILT_PRODUCTS_DIR)/SomeSwiftUI.app/$(BUNDLE_EXECUTABLE_FOLDER_PATH)/SomeSwiftUI";
			};
			name = Debug;
		};
		0512A2A62AFA79D900C8B731 /* Release */ = {
			isa = XCBuildConfiguration;
			buildSettings = {
				ALWAYS_EMBED_SWIFT_STANDARD_LIBRARIES = YES;
				BUNDLE_LOADER = "$(TEST_HOST)";
				CODE_SIGN_STYLE = Automatic;
				CURRENT_PROJECT_VERSION = 1;
				DEVELOPMENT_TEAM = 7Y5W7Z4P4X;
				GENERATE_INFOPLIST_FILE = YES;
				IPHONEOS_DEPLOYMENT_TARGET = 16.4;
				MARKETING_VERSION = 1.0;
				PRODUCT_BUNDLE_IDENTIFIER = com.maxnxi.SomeSwiftUITests;
				PRODUCT_NAME = "$(TARGET_NAME)";
				SWIFT_EMIT_LOC_STRINGS = NO;
				SWIFT_VERSION = 5.0;
				TARGETED_DEVICE_FAMILY = "1,2";
				TEST_HOST = "$(BUILT_PRODUCTS_DIR)/SomeSwiftUI.app/$(BUNDLE_EXECUTABLE_FOLDER_PATH)/SomeSwiftUI";
			};
			name = Release;
		};
		0512A2A82AFA79D900C8B731 /* Debug */ = {
			isa = XCBuildConfiguration;
			buildSettings = {
				ALWAYS_EMBED_SWIFT_STANDARD_LIBRARIES = YES;
				CODE_SIGN_STYLE = Automatic;
				CURRENT_PROJECT_VERSION = 1;
				DEVELOPMENT_TEAM = 7Y5W7Z4P4X;
				GENERATE_INFOPLIST_FILE = YES;
				MARKETING_VERSION = 1.0;
				PRODUCT_BUNDLE_IDENTIFIER = com.maxnxi.SomeSwiftUIUITests;
				PRODUCT_NAME = "$(TARGET_NAME)";
				SWIFT_EMIT_LOC_STRINGS = NO;
				SWIFT_VERSION = 5.0;
				TARGETED_DEVICE_FAMILY = "1,2";
				TEST_TARGET_NAME = SomeSwiftUI;
			};
			name = Debug;
		};
		0512A2A92AFA79D900C8B731 /* Release */ = {
			isa = XCBuildConfiguration;
			buildSettings = {
				ALWAYS_EMBED_SWIFT_STANDARD_LIBRARIES = YES;
				CODE_SIGN_STYLE = Automatic;
				CURRENT_PROJECT_VERSION = 1;
				DEVELOPMENT_TEAM = 7Y5W7Z4P4X;
				GENERATE_INFOPLIST_FILE = YES;
				MARKETING_VERSION = 1.0;
				PRODUCT_BUNDLE_IDENTIFIER = com.maxnxi.SomeSwiftUIUITests;
				PRODUCT_NAME = "$(TARGET_NAME)";
				SWIFT_EMIT_LOC_STRINGS = NO;
				SWIFT_VERSION = 5.0;
				TARGETED_DEVICE_FAMILY = "1,2";
				TEST_TARGET_NAME = SomeSwiftUI;
			};
			name = Release;
		};
/* End XCBuildConfiguration section */

/* Begin XCConfigurationList section */
		0512A2732AFA79D700C8B731 /* Build configuration list for PBXProject "SomeSwiftUI" */ = {
			isa = XCConfigurationList;
			buildConfigurations = (
				0512A29F2AFA79D900C8B731 /* Debug */,
				0512A2A02AFA79D900C8B731 /* Release */,
			);
			defaultConfigurationIsVisible = 0;
			defaultConfigurationName = Release;
		};
		0512A2A12AFA79D900C8B731 /* Build configuration list for PBXNativeTarget "SomeSwiftUI" */ = {
			isa = XCConfigurationList;
			buildConfigurations = (
				0512A2A22AFA79D900C8B731 /* Debug */,
				0512A2A32AFA79D900C8B731 /* Release */,
			);
			defaultConfigurationIsVisible = 0;
			defaultConfigurationName = Release;
		};
		0512A2A42AFA79D900C8B731 /* Build configuration list for PBXNativeTarget "SomeSwiftUITests" */ = {
			isa = XCConfigurationList;
			buildConfigurations = (
				0512A2A52AFA79D900C8B731 /* Debug */,
				0512A2A62AFA79D900C8B731 /* Release */,
			);
			defaultConfigurationIsVisible = 0;
			defaultConfigurationName = Release;
		};
		0512A2A72AFA79D900C8B731 /* Build configuration list for PBXNativeTarget "SomeSwiftUIUITests" */ = {
			isa = XCConfigurationList;
			buildConfigurations = (
				0512A2A82AFA79D900C8B731 /* Debug */,
				0512A2A92AFA79D900C8B731 /* Release */,
			);
			defaultConfigurationIsVisible = 0;
			defaultConfigurationName = Release;
		};
/* End XCConfigurationList section */

/* Begin XCRemoteSwiftPackageReference section */
		B7A94B0A2CE3A93A00329A68 /* XCRemoteSwiftPackageReference "VerticalSplit" */ = {
			isa = XCRemoteSwiftPackageReference;
			repositoryURL = "https://github.com/vedantgurav/VerticalSplit";
			requirement = {
				branch = main;
				kind = branch;
			};
		};
/* End XCRemoteSwiftPackageReference section */

/* Begin XCSwiftPackageProductDependency section */
		B7A94B0B2CE3A93A00329A68 /* VerticalSplit */ = {
			isa = XCSwiftPackageProductDependency;
			package = B7A94B0A2CE3A93A00329A68 /* XCRemoteSwiftPackageReference "VerticalSplit" */;
			productName = VerticalSplit;
		};
/* End XCSwiftPackageProductDependency section */

/* Begin XCVersionGroup section */
		0512A2862AFA79D800C8B731 /* SomeSwiftUI.xcdatamodeld */ = {
			isa = XCVersionGroup;
			children = (
				0512A2872AFA79D800C8B731 /* SomeSwiftUI.xcdatamodel */,
			);
			currentVersion = 0512A2872AFA79D800C8B731 /* SomeSwiftUI.xcdatamodel */;
			path = SomeSwiftUI.xcdatamodeld;
			sourceTree = "<group>";
			versionGroupType = wrapper.xcdatamodel;
		};
/* End XCVersionGroup section */
	};
	rootObject = 0512A2702AFA79D700C8B731 /* Project object */;
}
